<?xml version="1.0" encoding="UTF-8"?>
<Scheme
   version = "1.3">
   <BuildAction>
      <BuildActionEntries>
         <BuildActionEntry
            buildForRunning = "YES">
            <BuildableReference
               BuildableIdentifier = "primary"
               BlueprintIdentifier = "6E761AD52BB73E880095CB3F"
               BuildableName = "MusicApp-KMP.app"
               BlueprintName = "MusicApp-KMP"
               ReferencedContainer = "container:MusicApp-KMP.xcodeproj">
            </BuildableReference>
         </BuildActionEntry>
      </BuildActionEntries>
   </BuildAction>
   <LaunchAction
      useCustomWorkingDirectory = "NO"
      buildConfiguration = "Debug"
      allowLocationSimulation = "YES">
      <BuildableProductRunnable>
         <BuildableReference
            BuildableIdentifier = "primary"
            BlueprintIdentifier = "6E761AD52BB73E880095CB3F"
            BuildableName = "MusicApp-KMP.app"
            BlueprintName = "MusicApp-KMP"
            ReferencedContainer = "container:MusicApp-KMP.xcodeproj">
         </BuildableReference>
      </BuildableProductRunnable>
   </LaunchAction>
</Scheme>
